// !$*UTF8*$!
{
	archiveVersion = 1;
	classes = {
	};
	objectVersion = 56;
	objects = {

/* Begin PBXBuildFile section */
		C05D27FD2B0642C900F98E23 /* Then in Frameworks */ = {isa = PBXBuildFile; productRef = C05D27FC2B0642C900F98E23 /* Then */; };
		C05D28002B06452C00F98E23 /* Alamofire in Frameworks */ = {isa = PBXBuildFile; productRef = C05D27FF2B06452C00F98E23 /* Alamofire */; };
		C05D28032B06455200F98E23 /* RxCocoa in Frameworks */ = {isa = PBXBuildFile; productRef = C05D28022B06455200F98E23 /* RxCocoa */; };
		C05D28052B06455200F98E23 /* RxSwift in Frameworks */ = {isa = PBXBuildFile; productRef = C05D28042B06455200F98E23 /* RxSwift */; };
		C05D28082B06455E00F98E23 /* Kingfisher in Frameworks */ = {isa = PBXBuildFile; productRef = C05D28072B06455E00F98E23 /* Kingfisher */; };
		C05D280A2B06488800F98E23 /* BaseView.swift in Sources */ = {isa = PBXBuildFile; fileRef = C05D28092B06488800F98E23 /* BaseView.swift */; };
		C05D280D2B06495500F98E23 /* BaseCellProtocol.swift in Sources */ = {isa = PBXBuildFile; fileRef = C05D280C2B06495500F98E23 /* BaseCellProtocol.swift */; };
		C05D280F2B06497400F98E23 /* BaseCollectionViewCell.swift in Sources */ = {isa = PBXBuildFile; fileRef = C05D280E2B06497400F98E23 /* BaseCollectionViewCell.swift */; };
		C05D28112B06499100F98E23 /* BaseViewModel.swift in Sources */ = {isa = PBXBuildFile; fileRef = C05D28102B06499100F98E23 /* BaseViewModel.swift */; };
		C05D28132B0649A800F98E23 /* BaseViewController.swift in Sources */ = {isa = PBXBuildFile; fileRef = C05D28122B0649A800F98E23 /* BaseViewController.swift */; };
		C05D281A2B064AEA00F98E23 /* HomeView.swift in Sources */ = {isa = PBXBuildFile; fileRef = C05D28192B064AEA00F98E23 /* HomeView.swift */; };
		C05D281C2B064AF000F98E23 /* HomeViewModel.swift in Sources */ = {isa = PBXBuildFile; fileRef = C05D281B2B064AF000F98E23 /* HomeViewModel.swift */; };
		C05D281F2B0653C900F98E23 /* UIImage+Extension.swift in Sources */ = {isa = PBXBuildFile; fileRef = C05D281E2B0653C900F98E23 /* UIImage+Extension.swift */; };
		C05D28222B06695100F98E23 /* NavTitleView.swift in Sources */ = {isa = PBXBuildFile; fileRef = C05D28212B06695100F98E23 /* NavTitleView.swift */; };
		C05D28242B06761F00F98E23 /* EmptyView.swift in Sources */ = {isa = PBXBuildFile; fileRef = C05D28232B06761F00F98E23 /* EmptyView.swift */; };
		C05D282B2B06790900F98E23 /* SpoqaHanSansNeo-Regular.otf in Resources */ = {isa = PBXBuildFile; fileRef = C05D28262B06790800F98E23 /* SpoqaHanSansNeo-Regular.otf */; };
		C05D282C2B06790900F98E23 /* SpoqaHanSansNeo-Medium.otf in Resources */ = {isa = PBXBuildFile; fileRef = C05D28272B06790800F98E23 /* SpoqaHanSansNeo-Medium.otf */; };
		C05D282D2B06790900F98E23 /* SpoqaHanSansNeo-Thin.otf in Resources */ = {isa = PBXBuildFile; fileRef = C05D28282B06790900F98E23 /* SpoqaHanSansNeo-Thin.otf */; };
		C05D282E2B06790900F98E23 /* SpoqaHanSansNeo-Light.otf in Resources */ = {isa = PBXBuildFile; fileRef = C05D28292B06790900F98E23 /* SpoqaHanSansNeo-Light.otf */; };
		C05D282F2B06790900F98E23 /* SpoqaHanSansNeo-Bold.otf in Resources */ = {isa = PBXBuildFile; fileRef = C05D282A2B06790900F98E23 /* SpoqaHanSansNeo-Bold.otf */; };
		C05D28342B067BC600F98E23 /* SansNeoFontLabel.swift in Sources */ = {isa = PBXBuildFile; fileRef = C05D28332B067BC600F98E23 /* SansNeoFontLabel.swift */; };
		C05D28372B067CD600F98E23 /* SpoqaHanSansNeoFonts.swift in Sources */ = {isa = PBXBuildFile; fileRef = C05D28362B067CD600F98E23 /* SpoqaHanSansNeoFonts.swift */; };
		C0DAE96A2B05F44F0067279A /* AppDelegate.swift in Sources */ = {isa = PBXBuildFile; fileRef = C0DAE9692B05F44F0067279A /* AppDelegate.swift */; };
		C0DAE96C2B05F44F0067279A /* SceneDelegate.swift in Sources */ = {isa = PBXBuildFile; fileRef = C0DAE96B2B05F44F0067279A /* SceneDelegate.swift */; };
		C0DAE9732B05F4510067279A /* Assets.xcassets in Resources */ = {isa = PBXBuildFile; fileRef = C0DAE9722B05F4510067279A /* Assets.xcassets */; };
		C0DAE9762B05F4510067279A /* LaunchScreen.storyboard in Resources */ = {isa = PBXBuildFile; fileRef = C0DAE9742B05F4510067279A /* LaunchScreen.storyboard */; };
		C0DAE97F2B05F4F30067279A /* SnapKit in Frameworks */ = {isa = PBXBuildFile; productRef = C0DAE97E2B05F4F30067279A /* SnapKit */; };
		C0DAE9812B05F5580067279A /* HomeVC.swift in Sources */ = {isa = PBXBuildFile; fileRef = C0DAE9802B05F5580067279A /* HomeVC.swift */; };
/* End PBXBuildFile section */

/* Begin PBXFileReference section */
		C05D28092B06488800F98E23 /* BaseView.swift */ = {isa = PBXFileReference; lastKnownFileType = sourcecode.swift; path = BaseView.swift; sourceTree = "<group>"; };
		C05D280C2B06495500F98E23 /* BaseCellProtocol.swift */ = {isa = PBXFileReference; lastKnownFileType = sourcecode.swift; path = BaseCellProtocol.swift; sourceTree = "<group>"; };
		C05D280E2B06497400F98E23 /* BaseCollectionViewCell.swift */ = {isa = PBXFileReference; lastKnownFileType = sourcecode.swift; path = BaseCollectionViewCell.swift; sourceTree = "<group>"; };
		C05D28102B06499100F98E23 /* BaseViewModel.swift */ = {isa = PBXFileReference; lastKnownFileType = sourcecode.swift; path = BaseViewModel.swift; sourceTree = "<group>"; };
		C05D28122B0649A800F98E23 /* BaseViewController.swift */ = {isa = PBXFileReference; lastKnownFileType = sourcecode.swift; path = BaseViewController.swift; sourceTree = "<group>"; };
		C05D28192B064AEA00F98E23 /* HomeView.swift */ = {isa = PBXFileReference; lastKnownFileType = sourcecode.swift; path = HomeView.swift; sourceTree = "<group>"; };
		C05D281B2B064AF000F98E23 /* HomeViewModel.swift */ = {isa = PBXFileReference; lastKnownFileType = sourcecode.swift; path = HomeViewModel.swift; sourceTree = "<group>"; };
		C05D281E2B0653C900F98E23 /* UIImage+Extension.swift */ = {isa = PBXFileReference; lastKnownFileType = sourcecode.swift; path = "UIImage+Extension.swift"; sourceTree = "<group>"; };
		C05D28212B06695100F98E23 /* NavTitleView.swift */ = {isa = PBXFileReference; lastKnownFileType = sourcecode.swift; path = NavTitleView.swift; sourceTree = "<group>"; };
		C05D28232B06761F00F98E23 /* EmptyView.swift */ = {isa = PBXFileReference; lastKnownFileType = sourcecode.swift; path = EmptyView.swift; sourceTree = "<group>"; };
		C05D28262B06790800F98E23 /* SpoqaHanSansNeo-Regular.otf */ = {isa = PBXFileReference; lastKnownFileType = file; path = "SpoqaHanSansNeo-Regular.otf"; sourceTree = "<group>"; };
		C05D28272B06790800F98E23 /* SpoqaHanSansNeo-Medium.otf */ = {isa = PBXFileReference; lastKnownFileType = file; path = "SpoqaHanSansNeo-Medium.otf"; sourceTree = "<group>"; };
		C05D28282B06790900F98E23 /* SpoqaHanSansNeo-Thin.otf */ = {isa = PBXFileReference; lastKnownFileType = file; path = "SpoqaHanSansNeo-Thin.otf"; sourceTree = "<group>"; };
		C05D28292B06790900F98E23 /* SpoqaHanSansNeo-Light.otf */ = {isa = PBXFileReference; lastKnownFileType = file; path = "SpoqaHanSansNeo-Light.otf"; sourceTree = "<group>"; };
		C05D282A2B06790900F98E23 /* SpoqaHanSansNeo-Bold.otf */ = {isa = PBXFileReference; lastKnownFileType = file; path = "SpoqaHanSansNeo-Bold.otf"; sourceTree = "<group>"; };
		C05D28332B067BC600F98E23 /* SansNeoFontLabel.swift */ = {isa = PBXFileReference; lastKnownFileType = sourcecode.swift; path = SansNeoFontLabel.swift; sourceTree = "<group>"; };
		C05D28362B067CD600F98E23 /* SpoqaHanSansNeoFonts.swift */ = {isa = PBXFileReference; lastKnownFileType = sourcecode.swift; path = SpoqaHanSansNeoFonts.swift; sourceTree = "<group>"; };
		C0DAE9662B05F44F0067279A /* MailplugAssignment.app */ = {isa = PBXFileReference; explicitFileType = wrapper.application; includeInIndex = 0; path = MailplugAssignment.app; sourceTree = BUILT_PRODUCTS_DIR; };
		C0DAE9692B05F44F0067279A /* AppDelegate.swift */ = {isa = PBXFileReference; lastKnownFileType = sourcecode.swift; path = AppDelegate.swift; sourceTree = "<group>"; };
		C0DAE96B2B05F44F0067279A /* SceneDelegate.swift */ = {isa = PBXFileReference; lastKnownFileType = sourcecode.swift; path = SceneDelegate.swift; sourceTree = "<group>"; };
		C0DAE9722B05F4510067279A /* Assets.xcassets */ = {isa = PBXFileReference; lastKnownFileType = folder.assetcatalog; path = Assets.xcassets; sourceTree = "<group>"; };
		C0DAE9752B05F4510067279A /* Base */ = {isa = PBXFileReference; lastKnownFileType = file.storyboard; name = Base; path = Base.lproj/LaunchScreen.storyboard; sourceTree = "<group>"; };
		C0DAE9772B05F4510067279A /* Info.plist */ = {isa = PBXFileReference; lastKnownFileType = text.plist.xml; path = Info.plist; sourceTree = "<group>"; };
		C0DAE9802B05F5580067279A /* HomeVC.swift */ = {isa = PBXFileReference; lastKnownFileType = sourcecode.swift; path = HomeVC.swift; sourceTree = "<group>"; };
/* End PBXFileReference section */

/* Begin PBXFrameworksBuildPhase section */
		C0DAE9632B05F44F0067279A /* Frameworks */ = {
			isa = PBXFrameworksBuildPhase;
			buildActionMask = 2147483647;
			files = (
				C05D28082B06455E00F98E23 /* Kingfisher in Frameworks */,
				C05D28002B06452C00F98E23 /* Alamofire in Frameworks */,
				C0DAE97F2B05F4F30067279A /* SnapKit in Frameworks */,
				C05D28052B06455200F98E23 /* RxSwift in Frameworks */,
				C05D28032B06455200F98E23 /* RxCocoa in Frameworks */,
				C05D27FD2B0642C900F98E23 /* Then in Frameworks */,
			);
			runOnlyForDeploymentPostprocessing = 0;
		};
/* End PBXFrameworksBuildPhase section */

/* Begin PBXGroup section */
		C05D28142B064A2000F98E23 /* Resourse */ = {
			isa = PBXGroup;
			children = (
				C05D28252B0678E200F98E23 /* Font */,
				C0DAE9722B05F4510067279A /* Assets.xcassets */,
			);
			path = Resourse;
			sourceTree = "<group>";
		};
		C05D28182B064ADC00F98E23 /* Home */ = {
			isa = PBXGroup;
			children = (
				C0DAE9802B05F5580067279A /* HomeVC.swift */,
				C05D28192B064AEA00F98E23 /* HomeView.swift */,
				C05D281B2B064AF000F98E23 /* HomeViewModel.swift */,
			);
			path = Home;
			sourceTree = "<group>";
		};
		C05D281D2B06539400F98E23 /* Extension */ = {
			isa = PBXGroup;
			children = (
				C05D281E2B0653C900F98E23 /* UIImage+Extension.swift */,
			);
			path = Extension;
			sourceTree = "<group>";
		};
		C05D28202B06693800F98E23 /* View */ = {
			isa = PBXGroup;
			children = (
				C05D28212B06695100F98E23 /* NavTitleView.swift */,
				C05D28232B06761F00F98E23 /* EmptyView.swift */,
				C05D28332B067BC600F98E23 /* SansNeoFontLabel.swift */,
			);
			path = View;
			sourceTree = "<group>";
		};
		C05D28252B0678E200F98E23 /* Font */ = {
			isa = PBXGroup;
			children = (
				C05D282A2B06790900F98E23 /* SpoqaHanSansNeo-Bold.otf */,
				C05D28292B06790900F98E23 /* SpoqaHanSansNeo-Light.otf */,
				C05D28272B06790800F98E23 /* SpoqaHanSansNeo-Medium.otf */,
				C05D28262B06790800F98E23 /* SpoqaHanSansNeo-Regular.otf */,
				C05D28282B06790900F98E23 /* SpoqaHanSansNeo-Thin.otf */,
			);
			path = Font;
			sourceTree = "<group>";
		};
		C05D28352B067CCE00F98E23 /* Enum */ = {
			isa = PBXGroup;
			children = (
				C05D28362B067CD600F98E23 /* SpoqaHanSansNeoFonts.swift */,
			);
			path = Enum;
			sourceTree = "<group>";
		};
		C0DAE95D2B05F44F0067279A = {
			isa = PBXGroup;
			children = (
				C0DAE9682B05F44F0067279A /* MailplugAssignment */,
				C0DAE9672B05F44F0067279A /* Products */,
			);
			sourceTree = "<group>";
		};
		C0DAE9672B05F44F0067279A /* Products */ = {
			isa = PBXGroup;
			children = (
				C0DAE9662B05F44F0067279A /* MailplugAssignment.app */,
			);
			name = Products;
			sourceTree = "<group>";
		};
		C0DAE9682B05F44F0067279A /* MailplugAssignment */ = {
			isa = PBXGroup;
			children = (
				C0DAE9772B05F4510067279A /* Info.plist */,
				C0DAE9692B05F44F0067279A /* AppDelegate.swift */,
				C0DAE96B2B05F44F0067279A /* SceneDelegate.swift */,
				C0DAE9832B05F5BD0067279A /* Base */,
				C05D28352B067CCE00F98E23 /* Enum */,
				C05D281D2B06539400F98E23 /* Extension */,
				C0DAE9742B05F4510067279A /* LaunchScreen.storyboard */,
				C05D28142B064A2000F98E23 /* Resourse */,
				C0DAE9822B05F5AA0067279A /* Scene */,
				C05D28202B06693800F98E23 /* View */,
			);
			path = MailplugAssignment;
			sourceTree = "<group>";
		};
		C0DAE9822B05F5AA0067279A /* Scene */ = {
			isa = PBXGroup;
			children = (
				C05D28182B064ADC00F98E23 /* Home */,
			);
			path = Scene;
			sourceTree = "<group>";
		};
		C0DAE9832B05F5BD0067279A /* Base */ = {
			isa = PBXGroup;
			children = (
				C05D28092B06488800F98E23 /* BaseView.swift */,
				C05D280C2B06495500F98E23 /* BaseCellProtocol.swift */,
				C05D280E2B06497400F98E23 /* BaseCollectionViewCell.swift */,
				C05D28102B06499100F98E23 /* BaseViewModel.swift */,
				C05D28122B0649A800F98E23 /* BaseViewController.swift */,
			);
			path = Base;
			sourceTree = "<group>";
		};
/* End PBXGroup section */

/* Begin PBXNativeTarget section */
		C0DAE9652B05F44F0067279A /* MailplugAssignment */ = {
			isa = PBXNativeTarget;
			buildConfigurationList = C0DAE97A2B05F4510067279A /* Build configuration list for PBXNativeTarget "MailplugAssignment" */;
			buildPhases = (
				C0DAE9622B05F44F0067279A /* Sources */,
				C0DAE9632B05F44F0067279A /* Frameworks */,
				C0DAE9642B05F44F0067279A /* Resources */,
			);
			buildRules = (
			);
			dependencies = (
			);
			name = MailplugAssignment;
			packageProductDependencies = (
				C0DAE97E2B05F4F30067279A /* SnapKit */,
				C05D27FC2B0642C900F98E23 /* Then */,
				C05D27FF2B06452C00F98E23 /* Alamofire */,
				C05D28022B06455200F98E23 /* RxCocoa */,
				C05D28042B06455200F98E23 /* RxSwift */,
				C05D28072B06455E00F98E23 /* Kingfisher */,
			);
			productName = MailplugAssignment;
			productReference = C0DAE9662B05F44F0067279A /* MailplugAssignment.app */;
			productType = "com.apple.product-type.application";
		};
/* End PBXNativeTarget section */

/* Begin PBXProject section */
		C0DAE95E2B05F44F0067279A /* Project object */ = {
			isa = PBXProject;
			attributes = {
				BuildIndependentTargetsInParallel = 1;
				LastSwiftUpdateCheck = 1500;
				LastUpgradeCheck = 1500;
				TargetAttributes = {
					C0DAE9652B05F44F0067279A = {
						CreatedOnToolsVersion = 15.0;
					};
				};
			};
			buildConfigurationList = C0DAE9612B05F44F0067279A /* Build configuration list for PBXProject "MailplugAssignment" */;
			compatibilityVersion = "Xcode 14.0";
			developmentRegion = en;
			hasScannedForEncodings = 0;
			knownRegions = (
				en,
				Base,
			);
			mainGroup = C0DAE95D2B05F44F0067279A;
			packageReferences = (
				C0DAE97D2B05F4F30067279A /* XCRemoteSwiftPackageReference "SnapKit" */,
				C05D27FB2B0642C900F98E23 /* XCRemoteSwiftPackageReference "Then" */,
				C05D27FE2B06452C00F98E23 /* XCRemoteSwiftPackageReference "Alamofire" */,
				C05D28012B06455200F98E23 /* XCRemoteSwiftPackageReference "RxSwift" */,
				C05D28062B06455E00F98E23 /* XCRemoteSwiftPackageReference "Kingfisher" */,
			);
			productRefGroup = C0DAE9672B05F44F0067279A /* Products */;
			projectDirPath = "";
			projectRoot = "";
			targets = (
				C0DAE9652B05F44F0067279A /* MailplugAssignment */,
			);
		};
/* End PBXProject section */

/* Begin PBXResourcesBuildPhase section */
		C0DAE9642B05F44F0067279A /* Resources */ = {
			isa = PBXResourcesBuildPhase;
			buildActionMask = 2147483647;
			files = (
				C0DAE9762B05F4510067279A /* LaunchScreen.storyboard in Resources */,
				C05D282F2B06790900F98E23 /* SpoqaHanSansNeo-Bold.otf in Resources */,
				C05D282E2B06790900F98E23 /* SpoqaHanSansNeo-Light.otf in Resources */,
				C05D282D2B06790900F98E23 /* SpoqaHanSansNeo-Thin.otf in Resources */,
				C05D282C2B06790900F98E23 /* SpoqaHanSansNeo-Medium.otf in Resources */,
				C05D282B2B06790900F98E23 /* SpoqaHanSansNeo-Regular.otf in Resources */,
				C0DAE9732B05F4510067279A /* Assets.xcassets in Resources */,
			);
			runOnlyForDeploymentPostprocessing = 0;
		};
/* End PBXResourcesBuildPhase section */

/* Begin PBXSourcesBuildPhase section */
		C0DAE9622B05F44F0067279A /* Sources */ = {
			isa = PBXSourcesBuildPhase;
			buildActionMask = 2147483647;
			files = (
				C05D281A2B064AEA00F98E23 /* HomeView.swift in Sources */,
				C05D28372B067CD600F98E23 /* SpoqaHanSansNeoFonts.swift in Sources */,
				C05D28242B06761F00F98E23 /* EmptyView.swift in Sources */,
				C05D28222B06695100F98E23 /* NavTitleView.swift in Sources */,
				C0DAE9812B05F5580067279A /* HomeVC.swift in Sources */,
				C0DAE96A2B05F44F0067279A /* AppDelegate.swift in Sources */,
				C05D281C2B064AF000F98E23 /* HomeViewModel.swift in Sources */,
				C0DAE96C2B05F44F0067279A /* SceneDelegate.swift in Sources */,
				C05D28112B06499100F98E23 /* BaseViewModel.swift in Sources */,
				C05D280A2B06488800F98E23 /* BaseView.swift in Sources */,
				C05D28132B0649A800F98E23 /* BaseViewController.swift in Sources */,
				C05D280D2B06495500F98E23 /* BaseCellProtocol.swift in Sources */,
				C05D28342B067BC600F98E23 /* SansNeoFontLabel.swift in Sources */,
				C05D281F2B0653C900F98E23 /* UIImage+Extension.swift in Sources */,
				C05D280F2B06497400F98E23 /* BaseCollectionViewCell.swift in Sources */,
			);
			runOnlyForDeploymentPostprocessing = 0;
		};
/* End PBXSourcesBuildPhase section */

/* Begin PBXVariantGroup section */
		C0DAE9742B05F4510067279A /* LaunchScreen.storyboard */ = {
			isa = PBXVariantGroup;
			children = (
				C0DAE9752B05F4510067279A /* Base */,
			);
			name = LaunchScreen.storyboard;
			sourceTree = "<group>";
		};
/* End PBXVariantGroup section */

/* Begin XCBuildConfiguration section */
		C0DAE9782B05F4510067279A /* Debug */ = {
			isa = XCBuildConfiguration;
			buildSettings = {
				ALWAYS_SEARCH_USER_PATHS = NO;
				ASSETCATALOG_COMPILER_GENERATE_SWIFT_ASSET_SYMBOL_EXTENSIONS = YES;
				CLANG_ANALYZER_NONNULL = YES;
				CLANG_ANALYZER_NUMBER_OBJECT_CONVERSION = YES_AGGRESSIVE;
				CLANG_CXX_LANGUAGE_STANDARD = "gnu++20";
				CLANG_ENABLE_MODULES = YES;
				CLANG_ENABLE_OBJC_ARC = YES;
				CLANG_ENABLE_OBJC_WEAK = YES;
				CLANG_WARN_BLOCK_CAPTURE_AUTORELEASING = YES;
				CLANG_WARN_BOOL_CONVERSION = YES;
				CLANG_WARN_COMMA = YES;
				CLANG_WARN_CONSTANT_CONVERSION = YES;
				CLANG_WARN_DEPRECATED_OBJC_IMPLEMENTATIONS = YES;
				CLANG_WARN_DIRECT_OBJC_ISA_USAGE = YES_ERROR;
				CLANG_WARN_DOCUMENTATION_COMMENTS = YES;
				CLANG_WARN_EMPTY_BODY = YES;
				CLANG_WARN_ENUM_CONVERSION = YES;
				CLANG_WARN_INFINITE_RECURSION = YES;
				CLANG_WARN_INT_CONVERSION = YES;
				CLANG_WARN_NON_LITERAL_NULL_CONVERSION = YES;
				CLANG_WARN_OBJC_IMPLICIT_RETAIN_SELF = YES;
				CLANG_WARN_OBJC_LITERAL_CONVERSION = YES;
				CLANG_WARN_OBJC_ROOT_CLASS = YES_ERROR;
				CLANG_WARN_QUOTED_INCLUDE_IN_FRAMEWORK_HEADER = YES;
				CLANG_WARN_RANGE_LOOP_ANALYSIS = YES;
				CLANG_WARN_STRICT_PROTOTYPES = YES;
				CLANG_WARN_SUSPICIOUS_MOVE = YES;
				CLANG_WARN_UNGUARDED_AVAILABILITY = YES_AGGRESSIVE;
				CLANG_WARN_UNREACHABLE_CODE = YES;
				CLANG_WARN__DUPLICATE_METHOD_MATCH = YES;
				COPY_PHASE_STRIP = NO;
				DEBUG_INFORMATION_FORMAT = dwarf;
				ENABLE_STRICT_OBJC_MSGSEND = YES;
				ENABLE_TESTABILITY = YES;
				ENABLE_USER_SCRIPT_SANDBOXING = YES;
				GCC_C_LANGUAGE_STANDARD = gnu17;
				GCC_DYNAMIC_NO_PIC = NO;
				GCC_NO_COMMON_BLOCKS = YES;
				GCC_OPTIMIZATION_LEVEL = 0;
				GCC_PREPROCESSOR_DEFINITIONS = (
					"DEBUG=1",
					"$(inherited)",
				);
				GCC_WARN_64_TO_32_BIT_CONVERSION = YES;
				GCC_WARN_ABOUT_RETURN_TYPE = YES_ERROR;
				GCC_WARN_UNDECLARED_SELECTOR = YES;
				GCC_WARN_UNINITIALIZED_AUTOS = YES_AGGRESSIVE;
				GCC_WARN_UNUSED_FUNCTION = YES;
				GCC_WARN_UNUSED_VARIABLE = YES;
				IPHONEOS_DEPLOYMENT_TARGET = 14.0;
				LOCALIZATION_PREFERS_STRING_CATALOGS = YES;
				MTL_ENABLE_DEBUG_INFO = INCLUDE_SOURCE;
				MTL_FAST_MATH = YES;
				ONLY_ACTIVE_ARCH = YES;
				SDKROOT = iphoneos;
				SWIFT_ACTIVE_COMPILATION_CONDITIONS = "DEBUG $(inherited)";
				SWIFT_OPTIMIZATION_LEVEL = "-Onone";
			};
			name = Debug;
		};
		C0DAE9792B05F4510067279A /* Release */ = {
			isa = XCBuildConfiguration;
			buildSettings = {
				ALWAYS_SEARCH_USER_PATHS = NO;
				ASSETCATALOG_COMPILER_GENERATE_SWIFT_ASSET_SYMBOL_EXTENSIONS = YES;
				CLANG_ANALYZER_NONNULL = YES;
				CLANG_ANALYZER_NUMBER_OBJECT_CONVERSION = YES_AGGRESSIVE;
				CLANG_CXX_LANGUAGE_STANDARD = "gnu++20";
				CLANG_ENABLE_MODULES = YES;
				CLANG_ENABLE_OBJC_ARC = YES;
				CLANG_ENABLE_OBJC_WEAK = YES;
				CLANG_WARN_BLOCK_CAPTURE_AUTORELEASING = YES;
				CLANG_WARN_BOOL_CONVERSION = YES;
				CLANG_WARN_COMMA = YES;
				CLANG_WARN_CONSTANT_CONVERSION = YES;
				CLANG_WARN_DEPRECATED_OBJC_IMPLEMENTATIONS = YES;
				CLANG_WARN_DIRECT_OBJC_ISA_USAGE = YES_ERROR;
				CLANG_WARN_DOCUMENTATION_COMMENTS = YES;
				CLANG_WARN_EMPTY_BODY = YES;
				CLANG_WARN_ENUM_CONVERSION = YES;
				CLANG_WARN_INFINITE_RECURSION = YES;
				CLANG_WARN_INT_CONVERSION = YES;
				CLANG_WARN_NON_LITERAL_NULL_CONVERSION = YES;
				CLANG_WARN_OBJC_IMPLICIT_RETAIN_SELF = YES;
				CLANG_WARN_OBJC_LITERAL_CONVERSION = YES;
				CLANG_WARN_OBJC_ROOT_CLASS = YES_ERROR;
				CLANG_WARN_QUOTED_INCLUDE_IN_FRAMEWORK_HEADER = YES;
				CLANG_WARN_RANGE_LOOP_ANALYSIS = YES;
				CLANG_WARN_STRICT_PROTOTYPES = YES;
				CLANG_WARN_SUSPICIOUS_MOVE = YES;
				CLANG_WARN_UNGUARDED_AVAILABILITY = YES_AGGRESSIVE;
				CLANG_WARN_UNREACHABLE_CODE = YES;
				CLANG_WARN__DUPLICATE_METHOD_MATCH = YES;
				COPY_PHASE_STRIP = NO;
				DEBUG_INFORMATION_FORMAT = "dwarf-with-dsym";
				ENABLE_NS_ASSERTIONS = NO;
				ENABLE_STRICT_OBJC_MSGSEND = YES;
				ENABLE_USER_SCRIPT_SANDBOXING = YES;
				GCC_C_LANGUAGE_STANDARD = gnu17;
				GCC_NO_COMMON_BLOCKS = YES;
				GCC_WARN_64_TO_32_BIT_CONVERSION = YES;
				GCC_WARN_ABOUT_RETURN_TYPE = YES_ERROR;
				GCC_WARN_UNDECLARED_SELECTOR = YES;
				GCC_WARN_UNINITIALIZED_AUTOS = YES_AGGRESSIVE;
				GCC_WARN_UNUSED_FUNCTION = YES;
				GCC_WARN_UNUSED_VARIABLE = YES;
				IPHONEOS_DEPLOYMENT_TARGET = 14.0;
				LOCALIZATION_PREFERS_STRING_CATALOGS = YES;
				MTL_ENABLE_DEBUG_INFO = NO;
				MTL_FAST_MATH = YES;
				SDKROOT = iphoneos;
				SWIFT_COMPILATION_MODE = wholemodule;
				VALIDATE_PRODUCT = YES;
			};
			name = Release;
		};
		C0DAE97B2B05F4510067279A /* Debug */ = {
			isa = XCBuildConfiguration;
			buildSettings = {
				ASSETCATALOG_COMPILER_APPICON_NAME = AppIcon;
				ASSETCATALOG_COMPILER_GLOBAL_ACCENT_COLOR_NAME = AccentColor;
				CODE_SIGN_STYLE = Automatic;
				CURRENT_PROJECT_VERSION = 1;
				DEVELOPMENT_TEAM = SV3K237PCX;
				GENERATE_INFOPLIST_FILE = YES;
				INFOPLIST_FILE = MailplugAssignment/Info.plist;
				INFOPLIST_KEY_UIApplicationSupportsIndirectInputEvents = YES;
				INFOPLIST_KEY_UILaunchStoryboardName = LaunchScreen;
				INFOPLIST_KEY_UISupportedInterfaceOrientations = UIInterfaceOrientationPortrait;
				INFOPLIST_KEY_UISupportedInterfaceOrientations_iPad = "UIInterfaceOrientationLandscapeLeft UIInterfaceOrientationLandscapeRight UIInterfaceOrientationPortrait UIInterfaceOrientationPortraitUpsideDown";
				IPHONEOS_DEPLOYMENT_TARGET = 14.0;
				LD_RUNPATH_SEARCH_PATHS = (
					"$(inherited)",
					"@executable_path/Frameworks",
				);
				MARKETING_VERSION = 1.0;
				PRODUCT_BUNDLE_IDENTIFIER = com.comet.MailplugAssignment;
				PRODUCT_NAME = "$(TARGET_NAME)";
				SUPPORTED_PLATFORMS = "iphoneos iphonesimulator";
				SUPPORTS_MACCATALYST = NO;
				SUPPORTS_MAC_DESIGNED_FOR_IPHONE_IPAD = NO;
				SWIFT_EMIT_LOC_STRINGS = YES;
				SWIFT_VERSION = 5.0;
				TARGETED_DEVICE_FAMILY = 1;
			};
			name = Debug;
		};
		C0DAE97C2B05F4510067279A /* Release */ = {
			isa = XCBuildConfiguration;
			buildSettings = {
				ASSETCATALOG_COMPILER_APPICON_NAME = AppIcon;
				ASSETCATALOG_COMPILER_GLOBAL_ACCENT_COLOR_NAME = AccentColor;
				CODE_SIGN_STYLE = Automatic;
				CURRENT_PROJECT_VERSION = 1;
				DEVELOPMENT_TEAM = SV3K237PCX;
				GENERATE_INFOPLIST_FILE = YES;
				INFOPLIST_FILE = MailplugAssignment/Info.plist;
				INFOPLIST_KEY_UIApplicationSupportsIndirectInputEvents = YES;
				INFOPLIST_KEY_UILaunchStoryboardName = LaunchScreen;
				INFOPLIST_KEY_UISupportedInterfaceOrientations = UIInterfaceOrientationPortrait;
				INFOPLIST_KEY_UISupportedInterfaceOrientations_iPad = "UIInterfaceOrientationLandscapeLeft UIInterfaceOrientationLandscapeRight UIInterfaceOrientationPortrait UIInterfaceOrientationPortraitUpsideDown";
				IPHONEOS_DEPLOYMENT_TARGET = 14.0;
				LD_RUNPATH_SEARCH_PATHS = (
					"$(inherited)",
					"@executable_path/Frameworks",
				);
				MARKETING_VERSION = 1.0;
				PRODUCT_BUNDLE_IDENTIFIER = com.comet.MailplugAssignment;
				PRODUCT_NAME = "$(TARGET_NAME)";
				SUPPORTED_PLATFORMS = "iphoneos iphonesimulator";
				SUPPORTS_MACCATALYST = NO;
				SUPPORTS_MAC_DESIGNED_FOR_IPHONE_IPAD = NO;
				SWIFT_EMIT_LOC_STRINGS = YES;
				SWIFT_VERSION = 5.0;
				TARGETED_DEVICE_FAMILY = 1;
			};
			name = Release;
		};
/* End XCBuildConfiguration section */

/* Begin XCConfigurationList section */
		C0DAE9612B05F44F0067279A /* Build configuration list for PBXProject "MailplugAssignment" */ = {
			isa = XCConfigurationList;
			buildConfigurations = (
				C0DAE9782B05F4510067279A /* Debug */,
				C0DAE9792B05F4510067279A /* Release */,
			);
			defaultConfigurationIsVisible = 0;
			defaultConfigurationName = Release;
		};
		C0DAE97A2B05F4510067279A /* Build configuration list for PBXNativeTarget "MailplugAssignment" */ = {
			isa = XCConfigurationList;
			buildConfigurations = (
				C0DAE97B2B05F4510067279A /* Debug */,
				C0DAE97C2B05F4510067279A /* Release */,
			);
			defaultConfigurationIsVisible = 0;
			defaultConfigurationName = Release;
		};
/* End XCConfigurationList section */

/* Begin XCRemoteSwiftPackageReference section */
		C05D27FB2B0642C900F98E23 /* XCRemoteSwiftPackageReference "Then" */ = {
			isa = XCRemoteSwiftPackageReference;
			repositoryURL = "https://github.com/devxoul/Then.git";
			requirement = {
				kind = upToNextMajorVersion;
				minimumVersion = 3.0.0;
			};
		};
		C05D27FE2B06452C00F98E23 /* XCRemoteSwiftPackageReference "Alamofire" */ = {
			isa = XCRemoteSwiftPackageReference;
			repositoryURL = "https://github.com/Alamofire/Alamofire.git";
			requirement = {
				kind = upToNextMajorVersion;
				minimumVersion = 5.8.1;
			};
		};
		C05D28012B06455200F98E23 /* XCRemoteSwiftPackageReference "RxSwift" */ = {
			isa = XCRemoteSwiftPackageReference;
			repositoryURL = "https://github.com/ReactiveX/RxSwift";
			requirement = {
				kind = upToNextMajorVersion;
				minimumVersion = 6.6.0;
			};
		};
		C05D28062B06455E00F98E23 /* XCRemoteSwiftPackageReference "Kingfisher" */ = {
			isa = XCRemoteSwiftPackageReference;
			repositoryURL = "https://github.com/onevcat/Kingfisher.git";
			requirement = {
				kind = upToNextMajorVersion;
				minimumVersion = 7.10.0;
			};
		};
		C0DAE97D2B05F4F30067279A /* XCRemoteSwiftPackageReference "SnapKit" */ = {
			isa = XCRemoteSwiftPackageReference;
			repositoryURL = "https://github.com/SnapKit/SnapKit";
			requirement = {
				kind = upToNextMajorVersion;
				minimumVersion = 5.6.0;
			};
		};
/* End XCRemoteSwiftPackageReference section */

/* Begin XCSwiftPackageProductDependency section */
		C05D27FC2B0642C900F98E23 /* Then */ = {
			isa = XCSwiftPackageProductDependency;
			package = C05D27FB2B0642C900F98E23 /* XCRemoteSwiftPackageReference "Then" */;
			productName = Then;
		};
		C05D27FF2B06452C00F98E23 /* Alamofire */ = {
			isa = XCSwiftPackageProductDependency;
			package = C05D27FE2B06452C00F98E23 /* XCRemoteSwiftPackageReference "Alamofire" */;
			productName = Alamofire;
		};
		C05D28022B06455200F98E23 /* RxCocoa */ = {
			isa = XCSwiftPackageProductDependency;
			package = C05D28012B06455200F98E23 /* XCRemoteSwiftPackageReference "RxSwift" */;
			productName = RxCocoa;
		};
		C05D28042B06455200F98E23 /* RxSwift */ = {
			isa = XCSwiftPackageProductDependency;
			package = C05D28012B06455200F98E23 /* XCRemoteSwiftPackageReference "RxSwift" */;
			productName = RxSwift;
		};
		C05D28072B06455E00F98E23 /* Kingfisher */ = {
			isa = XCSwiftPackageProductDependency;
			package = C05D28062B06455E00F98E23 /* XCRemoteSwiftPackageReference "Kingfisher" */;
			productName = Kingfisher;
		};
		C0DAE97E2B05F4F30067279A /* SnapKit */ = {
			isa = XCSwiftPackageProductDependency;
			package = C0DAE97D2B05F4F30067279A /* XCRemoteSwiftPackageReference "SnapKit" */;
			productName = SnapKit;
		};
/* End XCSwiftPackageProductDependency section */
	};
	rootObject = C0DAE95E2B05F44F0067279A /* Project object */;
}
