// !$*UTF8*$!
{
	archiveVersion = 1;
	classes = {
	};
	objectVersion = 56;
	objects = {

/* Begin PBXBuildFile section */
		C0533B642B0A41980001B862 /* Network.swift in Sources */ = {isa = PBXBuildFile; fileRef = C0533B632B0A41980001B862 /* Network.swift */; };
		C0533B662B0A41DF0001B862 /* Router.swift in Sources */ = {isa = PBXBuildFile; fileRef = C0533B652B0A41DF0001B862 /* Router.swift */; };
		C0533B6E2B0A43B40001B862 /* Constant.swift in Sources */ = {isa = PBXBuildFile; fileRef = C0533B6D2B0A43B40001B862 /* Constant.swift */; };
		C0533B712B0A453F0001B862 /* BoardsResponse.swift in Sources */ = {isa = PBXBuildFile; fileRef = C0533B702B0A453F0001B862 /* BoardsResponse.swift */; };
		C0533B732B0A45D90001B862 /* CreatEntityProtocol.swift in Sources */ = {isa = PBXBuildFile; fileRef = C0533B722B0A45D90001B862 /* CreatEntityProtocol.swift */; };
		C0533B762B0A46EE0001B862 /* BoardsEntity.swift in Sources */ = {isa = PBXBuildFile; fileRef = C0533B752B0A46EE0001B862 /* BoardsEntity.swift */; };
		C0533B792B0A48DB0001B862 /* RemoteBoardRepository.swift in Sources */ = {isa = PBXBuildFile; fileRef = C0533B782B0A48DB0001B862 /* RemoteBoardRepository.swift */; };
		C0533B7B2B0A4ED30001B862 /* LoadingIndicator.swift in Sources */ = {isa = PBXBuildFile; fileRef = C0533B7A2B0A4ED30001B862 /* LoadingIndicator.swift */; };
		C0533B9C2B0C32940001B862 /* SplashVC.swift in Sources */ = {isa = PBXBuildFile; fileRef = C0533B9B2B0C32940001B862 /* SplashVC.swift */; };
		C0533B9F2B0C32FD0001B862 /* Realm in Frameworks */ = {isa = PBXBuildFile; productRef = C0533B9E2B0C32FD0001B862 /* Realm */; };
		C0533BA12B0C32FD0001B862 /* RealmSwift in Frameworks */ = {isa = PBXBuildFile; productRef = C0533BA02B0C32FD0001B862 /* RealmSwift */; };
		C0533BA52B0C337E0001B862 /* SplashViewModel.swift in Sources */ = {isa = PBXBuildFile; fileRef = C0533BA42B0C337E0001B862 /* SplashViewModel.swift */; };
		C0533BA72B0C340F0001B862 /* RealmProtocol.swift in Sources */ = {isa = PBXBuildFile; fileRef = C0533BA62B0C340F0001B862 /* RealmProtocol.swift */; };
		C0533BAB2B0C35B20001B862 /* LocalBoardRepository.swift in Sources */ = {isa = PBXBuildFile; fileRef = C0533BAA2B0C35B20001B862 /* LocalBoardRepository.swift */; };
		C05D27FD2B0642C900F98E23 /* Then in Frameworks */ = {isa = PBXBuildFile; productRef = C05D27FC2B0642C900F98E23 /* Then */; };
		C05D28002B06452C00F98E23 /* Alamofire in Frameworks */ = {isa = PBXBuildFile; productRef = C05D27FF2B06452C00F98E23 /* Alamofire */; };
		C05D28032B06455200F98E23 /* RxCocoa in Frameworks */ = {isa = PBXBuildFile; productRef = C05D28022B06455200F98E23 /* RxCocoa */; };
		C05D28052B06455200F98E23 /* RxSwift in Frameworks */ = {isa = PBXBuildFile; productRef = C05D28042B06455200F98E23 /* RxSwift */; };
		C05D28082B06455E00F98E23 /* Kingfisher in Frameworks */ = {isa = PBXBuildFile; productRef = C05D28072B06455E00F98E23 /* Kingfisher */; };
		C05D280A2B06488800F98E23 /* BaseView.swift in Sources */ = {isa = PBXBuildFile; fileRef = C05D28092B06488800F98E23 /* BaseView.swift */; };
		C05D280D2B06495500F98E23 /* BaseCellProtocol.swift in Sources */ = {isa = PBXBuildFile; fileRef = C05D280C2B06495500F98E23 /* BaseCellProtocol.swift */; };
		C05D280F2B06497400F98E23 /* BaseCollectionViewCell.swift in Sources */ = {isa = PBXBuildFile; fileRef = C05D280E2B06497400F98E23 /* BaseCollectionViewCell.swift */; };
		C05D28112B06499100F98E23 /* BaseViewModel.swift in Sources */ = {isa = PBXBuildFile; fileRef = C05D28102B06499100F98E23 /* BaseViewModel.swift */; };
		C05D28132B0649A800F98E23 /* BaseViewController.swift in Sources */ = {isa = PBXBuildFile; fileRef = C05D28122B0649A800F98E23 /* BaseViewController.swift */; };
		C05D281A2B064AEA00F98E23 /* HomeView.swift in Sources */ = {isa = PBXBuildFile; fileRef = C05D28192B064AEA00F98E23 /* HomeView.swift */; };
		C05D281C2B064AF000F98E23 /* HomeViewModel.swift in Sources */ = {isa = PBXBuildFile; fileRef = C05D281B2B064AF000F98E23 /* HomeViewModel.swift */; };
		C05D281F2B0653C900F98E23 /* UIImage+Extension.swift in Sources */ = {isa = PBXBuildFile; fileRef = C05D281E2B0653C900F98E23 /* UIImage+Extension.swift */; };
		C05D28222B06695100F98E23 /* NavTitleLabel.swift in Sources */ = {isa = PBXBuildFile; fileRef = C05D28212B06695100F98E23 /* NavTitleLabel.swift */; };
		C05D28242B06761F00F98E23 /* EmptyView.swift in Sources */ = {isa = PBXBuildFile; fileRef = C05D28232B06761F00F98E23 /* EmptyView.swift */; };
		C05D282B2B06790900F98E23 /* SpoqaHanSansNeo-Regular.otf in Resources */ = {isa = PBXBuildFile; fileRef = C05D28262B06790800F98E23 /* SpoqaHanSansNeo-Regular.otf */; };
		C05D282C2B06790900F98E23 /* SpoqaHanSansNeo-Medium.otf in Resources */ = {isa = PBXBuildFile; fileRef = C05D28272B06790800F98E23 /* SpoqaHanSansNeo-Medium.otf */; };
		C05D282D2B06790900F98E23 /* SpoqaHanSansNeo-Thin.otf in Resources */ = {isa = PBXBuildFile; fileRef = C05D28282B06790900F98E23 /* SpoqaHanSansNeo-Thin.otf */; };
		C05D282E2B06790900F98E23 /* SpoqaHanSansNeo-Light.otf in Resources */ = {isa = PBXBuildFile; fileRef = C05D28292B06790900F98E23 /* SpoqaHanSansNeo-Light.otf */; };
		C05D282F2B06790900F98E23 /* SpoqaHanSansNeo-Bold.otf in Resources */ = {isa = PBXBuildFile; fileRef = C05D282A2B06790900F98E23 /* SpoqaHanSansNeo-Bold.otf */; };
		C05D28342B067BC600F98E23 /* SansNeoFontLabel.swift in Sources */ = {isa = PBXBuildFile; fileRef = C05D28332B067BC600F98E23 /* SansNeoFontLabel.swift */; };
		C05D28372B067CD600F98E23 /* SpoqaHanSansNeoFonts.swift in Sources */ = {isa = PBXBuildFile; fileRef = C05D28362B067CD600F98E23 /* SpoqaHanSansNeoFonts.swift */; };
		C05D283A2B067F4500F98E23 /* Localizable.strings in Resources */ = {isa = PBXBuildFile; fileRef = C05D283C2B067F4500F98E23 /* Localizable.strings */; };
		C05D283F2B06801000F98E23 /* Strings.swift in Sources */ = {isa = PBXBuildFile; fileRef = C05D283E2B06801000F98E23 /* Strings.swift */; };
		C05D28412B06803A00F98E23 /* String+Extension.swift in Sources */ = {isa = PBXBuildFile; fileRef = C05D28402B06803A00F98E23 /* String+Extension.swift */; };
		C05D28442B06822700F98E23 /* MenuView.swift in Sources */ = {isa = PBXBuildFile; fileRef = C05D28432B06822700F98E23 /* MenuView.swift */; };
		C05D28462B06824A00F98E23 /* MenuVC.swift in Sources */ = {isa = PBXBuildFile; fileRef = C05D28452B06824A00F98E23 /* MenuVC.swift */; };
		C05D28482B06827700F98E23 /* MenuViewModel.swift in Sources */ = {isa = PBXBuildFile; fileRef = C05D28472B06827700F98E23 /* MenuViewModel.swift */; };
		C05D284A2B06871F00F98E23 /* MPButton.swift in Sources */ = {isa = PBXBuildFile; fileRef = C05D28492B06871F00F98E23 /* MPButton.swift */; };
		C05D284C2B068BBC00F98E23 /* BaseTableViewCell.swift in Sources */ = {isa = PBXBuildFile; fileRef = C05D284B2B068BBC00F98E23 /* BaseTableViewCell.swift */; };
		C05D284F2B068C3200F98E23 /* ReusableViewProtocol.swift in Sources */ = {isa = PBXBuildFile; fileRef = C05D284E2B068C3200F98E23 /* ReusableViewProtocol.swift */; };
		C05D28512B068CC000F98E23 /* MenuTableCell.swift in Sources */ = {isa = PBXBuildFile; fileRef = C05D28502B068CC000F98E23 /* MenuTableCell.swift */; };
		C0DAE96A2B05F44F0067279A /* AppDelegate.swift in Sources */ = {isa = PBXBuildFile; fileRef = C0DAE9692B05F44F0067279A /* AppDelegate.swift */; };
		C0DAE96C2B05F44F0067279A /* SceneDelegate.swift in Sources */ = {isa = PBXBuildFile; fileRef = C0DAE96B2B05F44F0067279A /* SceneDelegate.swift */; };
		C0DAE9732B05F4510067279A /* Assets.xcassets in Resources */ = {isa = PBXBuildFile; fileRef = C0DAE9722B05F4510067279A /* Assets.xcassets */; };
		C0DAE9762B05F4510067279A /* LaunchScreen.storyboard in Resources */ = {isa = PBXBuildFile; fileRef = C0DAE9742B05F4510067279A /* LaunchScreen.storyboard */; };
		C0DAE97F2B05F4F30067279A /* SnapKit in Frameworks */ = {isa = PBXBuildFile; productRef = C0DAE97E2B05F4F30067279A /* SnapKit */; };
		C0DAE9812B05F5580067279A /* HomeVC.swift in Sources */ = {isa = PBXBuildFile; fileRef = C0DAE9802B05F5580067279A /* HomeVC.swift */; };
		C0E798902B0CB86400E0EC05 /* UIViewController+Extension.swift in Sources */ = {isa = PBXBuildFile; fileRef = C0E7988F2B0CB86400E0EC05 /* UIViewController+Extension.swift */; };
		C0E798922B0CC57D00E0EC05 /* Results+Extension.swift in Sources */ = {isa = PBXBuildFile; fileRef = C0E798912B0CC57D00E0EC05 /* Results+Extension.swift */; };
		C0E798942B0CD0FE00E0EC05 /* PostsRequest.swift in Sources */ = {isa = PBXBuildFile; fileRef = C0E798932B0CD0FE00E0EC05 /* PostsRequest.swift */; };
		C0E798962B0CD21100E0EC05 /* Encodable.swift in Sources */ = {isa = PBXBuildFile; fileRef = C0E798952B0CD21100E0EC05 /* Encodable.swift */; };
		C0E798982B0CD25300E0EC05 /* PostsEntity.swift in Sources */ = {isa = PBXBuildFile; fileRef = C0E798972B0CD25300E0EC05 /* PostsEntity.swift */; };
		C0E7989A2B0CD25E00E0EC05 /* PostsResponse.swift in Sources */ = {isa = PBXBuildFile; fileRef = C0E798992B0CD25E00E0EC05 /* PostsResponse.swift */; };
		C0E7989C2B0CD8B300E0EC05 /* RemotePostRepository.swift in Sources */ = {isa = PBXBuildFile; fileRef = C0E7989B2B0CD8B300E0EC05 /* RemotePostRepository.swift */; };
		C0E7989E2B0CE2C300E0EC05 /* HomePostTableCell.swift in Sources */ = {isa = PBXBuildFile; fileRef = C0E7989D2B0CE2C300E0EC05 /* HomePostTableCell.swift */; };
		C0E798A02B0CF29700E0EC05 /* BadgeLabel.swift in Sources */ = {isa = PBXBuildFile; fileRef = C0E7989F2B0CF29700E0EC05 /* BadgeLabel.swift */; };
		C0E798A22B0CF71700E0EC05 /* UIColor+Extension.swift in Sources */ = {isa = PBXBuildFile; fileRef = C0E798A12B0CF71700E0EC05 /* UIColor+Extension.swift */; };
/* End PBXBuildFile section */

/* Begin PBXFileReference section */
		C0533B632B0A41980001B862 /* Network.swift */ = {isa = PBXFileReference; lastKnownFileType = sourcecode.swift; path = Network.swift; sourceTree = "<group>"; };
		C0533B652B0A41DF0001B862 /* Router.swift */ = {isa = PBXFileReference; lastKnownFileType = sourcecode.swift; path = Router.swift; sourceTree = "<group>"; };
		C0533B6D2B0A43B40001B862 /* Constant.swift */ = {isa = PBXFileReference; lastKnownFileType = sourcecode.swift; path = Constant.swift; sourceTree = "<group>"; };
		C0533B702B0A453F0001B862 /* BoardsResponse.swift */ = {isa = PBXFileReference; lastKnownFileType = sourcecode.swift; path = BoardsResponse.swift; sourceTree = "<group>"; };
		C0533B722B0A45D90001B862 /* CreatEntityProtocol.swift */ = {isa = PBXFileReference; lastKnownFileType = sourcecode.swift; path = CreatEntityProtocol.swift; sourceTree = "<group>"; };
		C0533B752B0A46EE0001B862 /* BoardsEntity.swift */ = {isa = PBXFileReference; lastKnownFileType = sourcecode.swift; path = BoardsEntity.swift; sourceTree = "<group>"; };
		C0533B782B0A48DB0001B862 /* RemoteBoardRepository.swift */ = {isa = PBXFileReference; lastKnownFileType = sourcecode.swift; path = RemoteBoardRepository.swift; sourceTree = "<group>"; };
		C0533B7A2B0A4ED30001B862 /* LoadingIndicator.swift */ = {isa = PBXFileReference; lastKnownFileType = sourcecode.swift; path = LoadingIndicator.swift; sourceTree = "<group>"; };
		C0533B9B2B0C32940001B862 /* SplashVC.swift */ = {isa = PBXFileReference; lastKnownFileType = sourcecode.swift; path = SplashVC.swift; sourceTree = "<group>"; };
		C0533BA42B0C337E0001B862 /* SplashViewModel.swift */ = {isa = PBXFileReference; lastKnownFileType = sourcecode.swift; path = SplashViewModel.swift; sourceTree = "<group>"; };
		C0533BA62B0C340F0001B862 /* RealmProtocol.swift */ = {isa = PBXFileReference; lastKnownFileType = sourcecode.swift; path = RealmProtocol.swift; sourceTree = "<group>"; };
		C0533BAA2B0C35B20001B862 /* LocalBoardRepository.swift */ = {isa = PBXFileReference; lastKnownFileType = sourcecode.swift; path = LocalBoardRepository.swift; sourceTree = "<group>"; };
		C05D28092B06488800F98E23 /* BaseView.swift */ = {isa = PBXFileReference; lastKnownFileType = sourcecode.swift; path = BaseView.swift; sourceTree = "<group>"; };
		C05D280C2B06495500F98E23 /* BaseCellProtocol.swift */ = {isa = PBXFileReference; lastKnownFileType = sourcecode.swift; path = BaseCellProtocol.swift; sourceTree = "<group>"; };
		C05D280E2B06497400F98E23 /* BaseCollectionViewCell.swift */ = {isa = PBXFileReference; lastKnownFileType = sourcecode.swift; path = BaseCollectionViewCell.swift; sourceTree = "<group>"; };
		C05D28102B06499100F98E23 /* BaseViewModel.swift */ = {isa = PBXFileReference; lastKnownFileType = sourcecode.swift; path = BaseViewModel.swift; sourceTree = "<group>"; };
		C05D28122B0649A800F98E23 /* BaseViewController.swift */ = {isa = PBXFileReference; lastKnownFileType = sourcecode.swift; path = BaseViewController.swift; sourceTree = "<group>"; };
		C05D28192B064AEA00F98E23 /* HomeView.swift */ = {isa = PBXFileReference; lastKnownFileType = sourcecode.swift; path = HomeView.swift; sourceTree = "<group>"; };
		C05D281B2B064AF000F98E23 /* HomeViewModel.swift */ = {isa = PBXFileReference; lastKnownFileType = sourcecode.swift; path = HomeViewModel.swift; sourceTree = "<group>"; };
		C05D281E2B0653C900F98E23 /* UIImage+Extension.swift */ = {isa = PBXFileReference; lastKnownFileType = sourcecode.swift; path = "UIImage+Extension.swift"; sourceTree = "<group>"; };
		C05D28212B06695100F98E23 /* NavTitleLabel.swift */ = {isa = PBXFileReference; lastKnownFileType = sourcecode.swift; path = NavTitleLabel.swift; sourceTree = "<group>"; };
		C05D28232B06761F00F98E23 /* EmptyView.swift */ = {isa = PBXFileReference; lastKnownFileType = sourcecode.swift; path = EmptyView.swift; sourceTree = "<group>"; };
		C05D28262B06790800F98E23 /* SpoqaHanSansNeo-Regular.otf */ = {isa = PBXFileReference; lastKnownFileType = file; path = "SpoqaHanSansNeo-Regular.otf"; sourceTree = "<group>"; };
		C05D28272B06790800F98E23 /* SpoqaHanSansNeo-Medium.otf */ = {isa = PBXFileReference; lastKnownFileType = file; path = "SpoqaHanSansNeo-Medium.otf"; sourceTree = "<group>"; };
		C05D28282B06790900F98E23 /* SpoqaHanSansNeo-Thin.otf */ = {isa = PBXFileReference; lastKnownFileType = file; path = "SpoqaHanSansNeo-Thin.otf"; sourceTree = "<group>"; };
		C05D28292B06790900F98E23 /* SpoqaHanSansNeo-Light.otf */ = {isa = PBXFileReference; lastKnownFileType = file; path = "SpoqaHanSansNeo-Light.otf"; sourceTree = "<group>"; };
		C05D282A2B06790900F98E23 /* SpoqaHanSansNeo-Bold.otf */ = {isa = PBXFileReference; lastKnownFileType = file; path = "SpoqaHanSansNeo-Bold.otf"; sourceTree = "<group>"; };
		C05D28332B067BC600F98E23 /* SansNeoFontLabel.swift */ = {isa = PBXFileReference; lastKnownFileType = sourcecode.swift; path = SansNeoFontLabel.swift; sourceTree = "<group>"; };
		C05D28362B067CD600F98E23 /* SpoqaHanSansNeoFonts.swift */ = {isa = PBXFileReference; lastKnownFileType = sourcecode.swift; path = SpoqaHanSansNeoFonts.swift; sourceTree = "<group>"; };
		C05D283D2B067F7E00F98E23 /* ko */ = {isa = PBXFileReference; lastKnownFileType = text.plist.strings; name = ko; path = ko.lproj/Localizable.strings; sourceTree = "<group>"; };
		C05D283E2B06801000F98E23 /* Strings.swift */ = {isa = PBXFileReference; lastKnownFileType = sourcecode.swift; path = Strings.swift; sourceTree = "<group>"; };
		C05D28402B06803A00F98E23 /* String+Extension.swift */ = {isa = PBXFileReference; lastKnownFileType = sourcecode.swift; path = "String+Extension.swift"; sourceTree = "<group>"; };
		C05D28432B06822700F98E23 /* MenuView.swift */ = {isa = PBXFileReference; lastKnownFileType = sourcecode.swift; path = MenuView.swift; sourceTree = "<group>"; };
		C05D28452B06824A00F98E23 /* MenuVC.swift */ = {isa = PBXFileReference; lastKnownFileType = sourcecode.swift; path = MenuVC.swift; sourceTree = "<group>"; };
		C05D28472B06827700F98E23 /* MenuViewModel.swift */ = {isa = PBXFileReference; lastKnownFileType = sourcecode.swift; path = MenuViewModel.swift; sourceTree = "<group>"; };
		C05D28492B06871F00F98E23 /* MPButton.swift */ = {isa = PBXFileReference; lastKnownFileType = sourcecode.swift; path = MPButton.swift; sourceTree = "<group>"; };
		C05D284B2B068BBC00F98E23 /* BaseTableViewCell.swift */ = {isa = PBXFileReference; lastKnownFileType = sourcecode.swift; path = BaseTableViewCell.swift; sourceTree = "<group>"; };
		C05D284E2B068C3200F98E23 /* ReusableViewProtocol.swift */ = {isa = PBXFileReference; lastKnownFileType = sourcecode.swift; path = ReusableViewProtocol.swift; sourceTree = "<group>"; };
		C05D28502B068CC000F98E23 /* MenuTableCell.swift */ = {isa = PBXFileReference; lastKnownFileType = sourcecode.swift; path = MenuTableCell.swift; sourceTree = "<group>"; };
		C0DAE9662B05F44F0067279A /* MailplugAssignment.app */ = {isa = PBXFileReference; explicitFileType = wrapper.application; includeInIndex = 0; path = MailplugAssignment.app; sourceTree = BUILT_PRODUCTS_DIR; };
		C0DAE9692B05F44F0067279A /* AppDelegate.swift */ = {isa = PBXFileReference; lastKnownFileType = sourcecode.swift; path = AppDelegate.swift; sourceTree = "<group>"; };
		C0DAE96B2B05F44F0067279A /* SceneDelegate.swift */ = {isa = PBXFileReference; lastKnownFileType = sourcecode.swift; path = SceneDelegate.swift; sourceTree = "<group>"; };
		C0DAE9722B05F4510067279A /* Assets.xcassets */ = {isa = PBXFileReference; lastKnownFileType = folder.assetcatalog; path = Assets.xcassets; sourceTree = "<group>"; };
		C0DAE9752B05F4510067279A /* Base */ = {isa = PBXFileReference; lastKnownFileType = file.storyboard; name = Base; path = Base.lproj/LaunchScreen.storyboard; sourceTree = "<group>"; };
		C0DAE9772B05F4510067279A /* Info.plist */ = {isa = PBXFileReference; lastKnownFileType = text.plist.xml; path = Info.plist; sourceTree = "<group>"; };
		C0DAE9802B05F5580067279A /* HomeVC.swift */ = {isa = PBXFileReference; lastKnownFileType = sourcecode.swift; path = HomeVC.swift; sourceTree = "<group>"; };
		C0E7988F2B0CB86400E0EC05 /* UIViewController+Extension.swift */ = {isa = PBXFileReference; lastKnownFileType = sourcecode.swift; path = "UIViewController+Extension.swift"; sourceTree = "<group>"; };
		C0E798912B0CC57D00E0EC05 /* Results+Extension.swift */ = {isa = PBXFileReference; lastKnownFileType = sourcecode.swift; path = "Results+Extension.swift"; sourceTree = "<group>"; };
		C0E798932B0CD0FE00E0EC05 /* PostsRequest.swift */ = {isa = PBXFileReference; lastKnownFileType = sourcecode.swift; path = PostsRequest.swift; sourceTree = "<group>"; };
		C0E798952B0CD21100E0EC05 /* Encodable.swift */ = {isa = PBXFileReference; lastKnownFileType = sourcecode.swift; path = Encodable.swift; sourceTree = "<group>"; };
		C0E798972B0CD25300E0EC05 /* PostsEntity.swift */ = {isa = PBXFileReference; lastKnownFileType = sourcecode.swift; path = PostsEntity.swift; sourceTree = "<group>"; };
		C0E798992B0CD25E00E0EC05 /* PostsResponse.swift */ = {isa = PBXFileReference; lastKnownFileType = sourcecode.swift; path = PostsResponse.swift; sourceTree = "<group>"; };
		C0E7989B2B0CD8B300E0EC05 /* RemotePostRepository.swift */ = {isa = PBXFileReference; lastKnownFileType = sourcecode.swift; path = RemotePostRepository.swift; sourceTree = "<group>"; };
		C0E7989D2B0CE2C300E0EC05 /* HomePostTableCell.swift */ = {isa = PBXFileReference; lastKnownFileType = sourcecode.swift; path = HomePostTableCell.swift; sourceTree = "<group>"; };
		C0E7989F2B0CF29700E0EC05 /* BadgeLabel.swift */ = {isa = PBXFileReference; lastKnownFileType = sourcecode.swift; path = BadgeLabel.swift; sourceTree = "<group>"; };
		C0E798A12B0CF71700E0EC05 /* UIColor+Extension.swift */ = {isa = PBXFileReference; lastKnownFileType = sourcecode.swift; path = "UIColor+Extension.swift"; sourceTree = "<group>"; };
/* End PBXFileReference section */

/* Begin PBXFrameworksBuildPhase section */
		C0DAE9632B05F44F0067279A /* Frameworks */ = {
			isa = PBXFrameworksBuildPhase;
			buildActionMask = 2147483647;
			files = (
				C0533BA12B0C32FD0001B862 /* RealmSwift in Frameworks */,
				C0533B9F2B0C32FD0001B862 /* Realm in Frameworks */,
				C05D28082B06455E00F98E23 /* Kingfisher in Frameworks */,
				C05D28002B06452C00F98E23 /* Alamofire in Frameworks */,
				C0DAE97F2B05F4F30067279A /* SnapKit in Frameworks */,
				C05D28052B06455200F98E23 /* RxSwift in Frameworks */,
				C05D28032B06455200F98E23 /* RxCocoa in Frameworks */,
				C05D27FD2B0642C900F98E23 /* Then in Frameworks */,
			);
			runOnlyForDeploymentPostprocessing = 0;
		};
/* End PBXFrameworksBuildPhase section */

/* Begin PBXGroup section */
		C0533B622B0A416D0001B862 /* Network */ = {
			isa = PBXGroup;
			children = (
				C0533B632B0A41980001B862 /* Network.swift */,
				C0533B652B0A41DF0001B862 /* Router.swift */,
			);
			path = Network;
			sourceTree = "<group>";
		};
		C0533B672B0A427F0001B862 /* Model */ = {
			isa = PBXGroup;
			children = (
				C0533B742B0A46C40001B862 /* Entity */,
				C0533B6F2B0A45360001B862 /* DTO */,
				C0533B682B0A42A70001B862 /* Request */,
			);
			path = Model;
			sourceTree = "<group>";
		};
		C0533B682B0A42A70001B862 /* Request */ = {
			isa = PBXGroup;
			children = (
				C0E798932B0CD0FE00E0EC05 /* PostsRequest.swift */,
			);
			path = Request;
			sourceTree = "<group>";
		};
		C0533B6C2B0A43AB0001B862 /* Utils */ = {
			isa = PBXGroup;
			children = (
				C0533B6D2B0A43B40001B862 /* Constant.swift */,
			);
			path = Utils;
			sourceTree = "<group>";
		};
		C0533B6F2B0A45360001B862 /* DTO */ = {
			isa = PBXGroup;
			children = (
				C0533B702B0A453F0001B862 /* BoardsResponse.swift */,
				C0E798992B0CD25E00E0EC05 /* PostsResponse.swift */,
			);
			path = DTO;
			sourceTree = "<group>";
		};
		C0533B742B0A46C40001B862 /* Entity */ = {
			isa = PBXGroup;
			children = (
				C0533B752B0A46EE0001B862 /* BoardsEntity.swift */,
				C0E798972B0CD25300E0EC05 /* PostsEntity.swift */,
			);
			path = Entity;
			sourceTree = "<group>";
		};
		C0533B772B0A48D30001B862 /* Repository */ = {
			isa = PBXGroup;
			children = (
				C0533BA92B0C35970001B862 /* Remote */,
				C0533BA82B0C35920001B862 /* Local */,
			);
			path = Repository;
			sourceTree = "<group>";
		};
		C0533BA22B0C33620001B862 /* Splash */ = {
			isa = PBXGroup;
			children = (
				C0533B9B2B0C32940001B862 /* SplashVC.swift */,
				C0533BA42B0C337E0001B862 /* SplashViewModel.swift */,
			);
			path = Splash;
			sourceTree = "<group>";
		};
		C0533BA82B0C35920001B862 /* Local */ = {
			isa = PBXGroup;
			children = (
				C0533BAA2B0C35B20001B862 /* LocalBoardRepository.swift */,
			);
			path = Local;
			sourceTree = "<group>";
		};
		C0533BA92B0C35970001B862 /* Remote */ = {
			isa = PBXGroup;
			children = (
				C0533B782B0A48DB0001B862 /* RemoteBoardRepository.swift */,
				C0E7989B2B0CD8B300E0EC05 /* RemotePostRepository.swift */,
			);
			path = Remote;
			sourceTree = "<group>";
		};
		C05D28142B064A2000F98E23 /* Resourse */ = {
			isa = PBXGroup;
			children = (
				C0DAE9722B05F4510067279A /* Assets.xcassets */,
				C05D28252B0678E200F98E23 /* Font */,
				C05D283C2B067F4500F98E23 /* Localizable.strings */,
				C05D283E2B06801000F98E23 /* Strings.swift */,
			);
			path = Resourse;
			sourceTree = "<group>";
		};
		C05D28182B064ADC00F98E23 /* Home */ = {
			isa = PBXGroup;
			children = (
				C0DAE9802B05F5580067279A /* HomeVC.swift */,
				C05D28192B064AEA00F98E23 /* HomeView.swift */,
				C05D281B2B064AF000F98E23 /* HomeViewModel.swift */,
				C0E7989D2B0CE2C300E0EC05 /* HomePostTableCell.swift */,
			);
			path = Home;
			sourceTree = "<group>";
		};
		C05D281D2B06539400F98E23 /* Extension */ = {
			isa = PBXGroup;
			children = (
				C05D281E2B0653C900F98E23 /* UIImage+Extension.swift */,
				C05D28402B06803A00F98E23 /* String+Extension.swift */,
				C0E7988F2B0CB86400E0EC05 /* UIViewController+Extension.swift */,
				C0E798912B0CC57D00E0EC05 /* Results+Extension.swift */,
				C0E798952B0CD21100E0EC05 /* Encodable.swift */,
				C0E798A12B0CF71700E0EC05 /* UIColor+Extension.swift */,
			);
			path = Extension;
			sourceTree = "<group>";
		};
		C05D28202B06693800F98E23 /* CustomView */ = {
			isa = PBXGroup;
			children = (
				C05D28232B06761F00F98E23 /* EmptyView.swift */,
				C05D28492B06871F00F98E23 /* MPButton.swift */,
				C05D28212B06695100F98E23 /* NavTitleLabel.swift */,
				C05D28332B067BC600F98E23 /* SansNeoFontLabel.swift */,
				C0533B7A2B0A4ED30001B862 /* LoadingIndicator.swift */,
				C0E7989F2B0CF29700E0EC05 /* BadgeLabel.swift */,
			);
			path = CustomView;
			sourceTree = "<group>";
		};
		C05D28252B0678E200F98E23 /* Font */ = {
			isa = PBXGroup;
			children = (
				C05D282A2B06790900F98E23 /* SpoqaHanSansNeo-Bold.otf */,
				C05D28292B06790900F98E23 /* SpoqaHanSansNeo-Light.otf */,
				C05D28272B06790800F98E23 /* SpoqaHanSansNeo-Medium.otf */,
				C05D28262B06790800F98E23 /* SpoqaHanSansNeo-Regular.otf */,
				C05D28282B06790900F98E23 /* SpoqaHanSansNeo-Thin.otf */,
			);
			path = Font;
			sourceTree = "<group>";
		};
		C05D28352B067CCE00F98E23 /* Enum */ = {
			isa = PBXGroup;
			children = (
				C05D28362B067CD600F98E23 /* SpoqaHanSansNeoFonts.swift */,
			);
			path = Enum;
			sourceTree = "<group>";
		};
		C05D28422B06821800F98E23 /* Menu */ = {
			isa = PBXGroup;
			children = (
				C05D28452B06824A00F98E23 /* MenuVC.swift */,
				C05D28432B06822700F98E23 /* MenuView.swift */,
				C05D28472B06827700F98E23 /* MenuViewModel.swift */,
				C05D28502B068CC000F98E23 /* MenuTableCell.swift */,
			);
			path = Menu;
			sourceTree = "<group>";
		};
		C05D284D2B068C0F00F98E23 /* Protocol */ = {
			isa = PBXGroup;
			children = (
				C05D284E2B068C3200F98E23 /* ReusableViewProtocol.swift */,
				C0533B722B0A45D90001B862 /* CreatEntityProtocol.swift */,
				C0533BA62B0C340F0001B862 /* RealmProtocol.swift */,
			);
			path = Protocol;
			sourceTree = "<group>";
		};
		C0DAE95D2B05F44F0067279A = {
			isa = PBXGroup;
			children = (
				C0DAE9682B05F44F0067279A /* MailplugAssignment */,
				C0DAE9672B05F44F0067279A /* Products */,
			);
			sourceTree = "<group>";
		};
		C0DAE9672B05F44F0067279A /* Products */ = {
			isa = PBXGroup;
			children = (
				C0DAE9662B05F44F0067279A /* MailplugAssignment.app */,
			);
			name = Products;
			sourceTree = "<group>";
		};
		C0DAE9682B05F44F0067279A /* MailplugAssignment */ = {
			isa = PBXGroup;
			children = (
				C0DAE9772B05F4510067279A /* Info.plist */,
				C0DAE9692B05F44F0067279A /* AppDelegate.swift */,
				C0DAE96B2B05F44F0067279A /* SceneDelegate.swift */,
				C0DAE9832B05F5BD0067279A /* Base */,
				C05D28202B06693800F98E23 /* CustomView */,
				C05D28352B067CCE00F98E23 /* Enum */,
				C05D281D2B06539400F98E23 /* Extension */,
				C0DAE9742B05F4510067279A /* LaunchScreen.storyboard */,
				C0533B672B0A427F0001B862 /* Model */,
				C0533B622B0A416D0001B862 /* Network */,
				C05D284D2B068C0F00F98E23 /* Protocol */,
				C0533B772B0A48D30001B862 /* Repository */,
				C05D28142B064A2000F98E23 /* Resourse */,
				C0DAE9822B05F5AA0067279A /* Scene */,
				C0533B6C2B0A43AB0001B862 /* Utils */,
			);
			path = MailplugAssignment;
			sourceTree = "<group>";
		};
		C0DAE9822B05F5AA0067279A /* Scene */ = {
			isa = PBXGroup;
			children = (
				C0533BA22B0C33620001B862 /* Splash */,
				C05D28422B06821800F98E23 /* Menu */,
				C05D28182B064ADC00F98E23 /* Home */,
			);
			path = Scene;
			sourceTree = "<group>";
		};
		C0DAE9832B05F5BD0067279A /* Base */ = {
			isa = PBXGroup;
			children = (
				C05D28092B06488800F98E23 /* BaseView.swift */,
				C05D280C2B06495500F98E23 /* BaseCellProtocol.swift */,
				C05D280E2B06497400F98E23 /* BaseCollectionViewCell.swift */,
				C05D28102B06499100F98E23 /* BaseViewModel.swift */,
				C05D28122B0649A800F98E23 /* BaseViewController.swift */,
				C05D284B2B068BBC00F98E23 /* BaseTableViewCell.swift */,
			);
			path = Base;
			sourceTree = "<group>";
		};
/* End PBXGroup section */

/* Begin PBXNativeTarget section */
		C0DAE9652B05F44F0067279A /* MailplugAssignment */ = {
			isa = PBXNativeTarget;
			buildConfigurationList = C0DAE97A2B05F4510067279A /* Build configuration list for PBXNativeTarget "MailplugAssignment" */;
			buildPhases = (
				C0DAE9622B05F44F0067279A /* Sources */,
				C0DAE9632B05F44F0067279A /* Frameworks */,
				C0DAE9642B05F44F0067279A /* Resources */,
			);
			buildRules = (
			);
			dependencies = (
			);
			name = MailplugAssignment;
			packageProductDependencies = (
				C0DAE97E2B05F4F30067279A /* SnapKit */,
				C05D27FC2B0642C900F98E23 /* Then */,
				C05D27FF2B06452C00F98E23 /* Alamofire */,
				C05D28022B06455200F98E23 /* RxCocoa */,
				C05D28042B06455200F98E23 /* RxSwift */,
				C05D28072B06455E00F98E23 /* Kingfisher */,
				C0533B9E2B0C32FD0001B862 /* Realm */,
				C0533BA02B0C32FD0001B862 /* RealmSwift */,
			);
			productName = MailplugAssignment;
			productReference = C0DAE9662B05F44F0067279A /* MailplugAssignment.app */;
			productType = "com.apple.product-type.application";
		};
/* End PBXNativeTarget section */

/* Begin PBXProject section */
		C0DAE95E2B05F44F0067279A /* Project object */ = {
			isa = PBXProject;
			attributes = {
				BuildIndependentTargetsInParallel = 1;
				LastSwiftUpdateCheck = 1500;
				LastUpgradeCheck = 1500;
				TargetAttributes = {
					C0DAE9652B05F44F0067279A = {
						CreatedOnToolsVersion = 15.0;
					};
				};
			};
			buildConfigurationList = C0DAE9612B05F44F0067279A /* Build configuration list for PBXProject "MailplugAssignment" */;
			compatibilityVersion = "Xcode 14.0";
			developmentRegion = ko;
			hasScannedForEncodings = 0;
			knownRegions = (
				Base,
				ko,
				en,
			);
			mainGroup = C0DAE95D2B05F44F0067279A;
			packageReferences = (
				C0DAE97D2B05F4F30067279A /* XCRemoteSwiftPackageReference "SnapKit" */,
				C05D27FB2B0642C900F98E23 /* XCRemoteSwiftPackageReference "Then" */,
				C05D27FE2B06452C00F98E23 /* XCRemoteSwiftPackageReference "Alamofire" */,
				C05D28012B06455200F98E23 /* XCRemoteSwiftPackageReference "RxSwift" */,
				C05D28062B06455E00F98E23 /* XCRemoteSwiftPackageReference "Kingfisher" */,
				C0533B9D2B0C32FD0001B862 /* XCRemoteSwiftPackageReference "realm-swift" */,
			);
			productRefGroup = C0DAE9672B05F44F0067279A /* Products */;
			projectDirPath = "";
			projectRoot = "";
			targets = (
				C0DAE9652B05F44F0067279A /* MailplugAssignment */,
			);
		};
/* End PBXProject section */

/* Begin PBXResourcesBuildPhase section */
		C0DAE9642B05F44F0067279A /* Resources */ = {
			isa = PBXResourcesBuildPhase;
			buildActionMask = 2147483647;
			files = (
				C0DAE9762B05F4510067279A /* LaunchScreen.storyboard in Resources */,
				C05D282F2B06790900F98E23 /* SpoqaHanSansNeo-Bold.otf in Resources */,
				C05D282E2B06790900F98E23 /* SpoqaHanSansNeo-Light.otf in Resources */,
				C05D282D2B06790900F98E23 /* SpoqaHanSansNeo-Thin.otf in Resources */,
				C05D282C2B06790900F98E23 /* SpoqaHanSansNeo-Medium.otf in Resources */,
				C05D283A2B067F4500F98E23 /* Localizable.strings in Resources */,
				C05D282B2B06790900F98E23 /* SpoqaHanSansNeo-Regular.otf in Resources */,
				C0DAE9732B05F4510067279A /* Assets.xcassets in Resources */,
			);
			runOnlyForDeploymentPostprocessing = 0;
		};
/* End PBXResourcesBuildPhase section */

/* Begin PBXSourcesBuildPhase section */
		C0DAE9622B05F44F0067279A /* Sources */ = {
			isa = PBXSourcesBuildPhase;
			buildActionMask = 2147483647;
			files = (
				C05D281A2B064AEA00F98E23 /* HomeView.swift in Sources */,
				C0E798942B0CD0FE00E0EC05 /* PostsRequest.swift in Sources */,
				C0533B762B0A46EE0001B862 /* BoardsEntity.swift in Sources */,
				C05D28372B067CD600F98E23 /* SpoqaHanSansNeoFonts.swift in Sources */,
				C0533B732B0A45D90001B862 /* CreatEntityProtocol.swift in Sources */,
				C05D283F2B06801000F98E23 /* Strings.swift in Sources */,
				C0E7989A2B0CD25E00E0EC05 /* PostsResponse.swift in Sources */,
				C0533B9C2B0C32940001B862 /* SplashVC.swift in Sources */,
				C0E7989C2B0CD8B300E0EC05 /* RemotePostRepository.swift in Sources */,
				C05D28482B06827700F98E23 /* MenuViewModel.swift in Sources */,
				C05D28242B06761F00F98E23 /* EmptyView.swift in Sources */,
				C05D28222B06695100F98E23 /* NavTitleLabel.swift in Sources */,
				C0DAE9812B05F5580067279A /* HomeVC.swift in Sources */,
				C05D284F2B068C3200F98E23 /* ReusableViewProtocol.swift in Sources */,
				C0533BA52B0C337E0001B862 /* SplashViewModel.swift in Sources */,
				C0DAE96A2B05F44F0067279A /* AppDelegate.swift in Sources */,
				C0533B792B0A48DB0001B862 /* RemoteBoardRepository.swift in Sources */,
				C0E798A22B0CF71700E0EC05 /* UIColor+Extension.swift in Sources */,
				C0533B7B2B0A4ED30001B862 /* LoadingIndicator.swift in Sources */,
				C0533B712B0A453F0001B862 /* BoardsResponse.swift in Sources */,
				C0533BAB2B0C35B20001B862 /* LocalBoardRepository.swift in Sources */,
				C05D281C2B064AF000F98E23 /* HomeViewModel.swift in Sources */,
				C0533B642B0A41980001B862 /* Network.swift in Sources */,
				C05D28412B06803A00F98E23 /* String+Extension.swift in Sources */,
				C0533B662B0A41DF0001B862 /* Router.swift in Sources */,
				C0533BA72B0C340F0001B862 /* RealmProtocol.swift in Sources */,
				C0E798902B0CB86400E0EC05 /* UIViewController+Extension.swift in Sources */,
				C0DAE96C2B05F44F0067279A /* SceneDelegate.swift in Sources */,
				C0E798A02B0CF29700E0EC05 /* BadgeLabel.swift in Sources */,
				C0E798982B0CD25300E0EC05 /* PostsEntity.swift in Sources */,
				C05D28112B06499100F98E23 /* BaseViewModel.swift in Sources */,
				C05D280A2B06488800F98E23 /* BaseView.swift in Sources */,
				C05D28132B0649A800F98E23 /* BaseViewController.swift in Sources */,
				C05D28442B06822700F98E23 /* MenuView.swift in Sources */,
				C05D280D2B06495500F98E23 /* BaseCellProtocol.swift in Sources */,
				C05D284C2B068BBC00F98E23 /* BaseTableViewCell.swift in Sources */,
				C0533B6E2B0A43B40001B862 /* Constant.swift in Sources */,
				C05D28342B067BC600F98E23 /* SansNeoFontLabel.swift in Sources */,
				C05D28512B068CC000F98E23 /* MenuTableCell.swift in Sources */,
				C0E7989E2B0CE2C300E0EC05 /* HomePostTableCell.swift in Sources */,
				C05D281F2B0653C900F98E23 /* UIImage+Extension.swift in Sources */,
				C0E798922B0CC57D00E0EC05 /* Results+Extension.swift in Sources */,
				C05D284A2B06871F00F98E23 /* MPButton.swift in Sources */,
				C05D280F2B06497400F98E23 /* BaseCollectionViewCell.swift in Sources */,
				C05D28462B06824A00F98E23 /* MenuVC.swift in Sources */,
				C0E798962B0CD21100E0EC05 /* Encodable.swift in Sources */,
			);
			runOnlyForDeploymentPostprocessing = 0;
		};
/* End PBXSourcesBuildPhase section */

/* Begin PBXVariantGroup section */
		C05D283C2B067F4500F98E23 /* Localizable.strings */ = {
			isa = PBXVariantGroup;
			children = (
				C05D283D2B067F7E00F98E23 /* ko */,
			);
			name = Localizable.strings;
			sourceTree = "<group>";
		};
		C0DAE9742B05F4510067279A /* LaunchScreen.storyboard */ = {
			isa = PBXVariantGroup;
			children = (
				C0DAE9752B05F4510067279A /* Base */,
			);
			name = LaunchScreen.storyboard;
			sourceTree = "<group>";
		};
/* End PBXVariantGroup section */

/* Begin XCBuildConfiguration section */
		C0DAE9782B05F4510067279A /* Debug */ = {
			isa = XCBuildConfiguration;
			buildSettings = {
				ALWAYS_SEARCH_USER_PATHS = NO;
				ASSETCATALOG_COMPILER_GENERATE_SWIFT_ASSET_SYMBOL_EXTENSIONS = YES;
				CLANG_ANALYZER_LOCALIZABILITY_NONLOCALIZED = YES;
				CLANG_ANALYZER_NONNULL = YES;
				CLANG_ANALYZER_NUMBER_OBJECT_CONVERSION = YES_AGGRESSIVE;
				CLANG_CXX_LANGUAGE_STANDARD = "gnu++20";
				CLANG_ENABLE_MODULES = YES;
				CLANG_ENABLE_OBJC_ARC = YES;
				CLANG_ENABLE_OBJC_WEAK = YES;
				CLANG_WARN_BLOCK_CAPTURE_AUTORELEASING = YES;
				CLANG_WARN_BOOL_CONVERSION = YES;
				CLANG_WARN_COMMA = YES;
				CLANG_WARN_CONSTANT_CONVERSION = YES;
				CLANG_WARN_DEPRECATED_OBJC_IMPLEMENTATIONS = YES;
				CLANG_WARN_DIRECT_OBJC_ISA_USAGE = YES_ERROR;
				CLANG_WARN_DOCUMENTATION_COMMENTS = YES;
				CLANG_WARN_EMPTY_BODY = YES;
				CLANG_WARN_ENUM_CONVERSION = YES;
				CLANG_WARN_INFINITE_RECURSION = YES;
				CLANG_WARN_INT_CONVERSION = YES;
				CLANG_WARN_NON_LITERAL_NULL_CONVERSION = YES;
				CLANG_WARN_OBJC_IMPLICIT_RETAIN_SELF = YES;
				CLANG_WARN_OBJC_LITERAL_CONVERSION = YES;
				CLANG_WARN_OBJC_ROOT_CLASS = YES_ERROR;
				CLANG_WARN_QUOTED_INCLUDE_IN_FRAMEWORK_HEADER = YES;
				CLANG_WARN_RANGE_LOOP_ANALYSIS = YES;
				CLANG_WARN_STRICT_PROTOTYPES = YES;
				CLANG_WARN_SUSPICIOUS_MOVE = YES;
				CLANG_WARN_UNGUARDED_AVAILABILITY = YES_AGGRESSIVE;
				CLANG_WARN_UNREACHABLE_CODE = YES;
				CLANG_WARN__DUPLICATE_METHOD_MATCH = YES;
				COPY_PHASE_STRIP = NO;
				DEBUG_INFORMATION_FORMAT = dwarf;
				ENABLE_STRICT_OBJC_MSGSEND = YES;
				ENABLE_TESTABILITY = YES;
				ENABLE_USER_SCRIPT_SANDBOXING = YES;
				GCC_C_LANGUAGE_STANDARD = gnu17;
				GCC_DYNAMIC_NO_PIC = NO;
				GCC_NO_COMMON_BLOCKS = YES;
				GCC_OPTIMIZATION_LEVEL = 0;
				GCC_PREPROCESSOR_DEFINITIONS = (
					"DEBUG=1",
					"$(inherited)",
				);
				GCC_WARN_64_TO_32_BIT_CONVERSION = YES;
				GCC_WARN_ABOUT_RETURN_TYPE = YES_ERROR;
				GCC_WARN_UNDECLARED_SELECTOR = YES;
				GCC_WARN_UNINITIALIZED_AUTOS = YES_AGGRESSIVE;
				GCC_WARN_UNUSED_FUNCTION = YES;
				GCC_WARN_UNUSED_VARIABLE = YES;
				IPHONEOS_DEPLOYMENT_TARGET = 14.0;
				LOCALIZATION_PREFERS_STRING_CATALOGS = YES;
				MTL_ENABLE_DEBUG_INFO = INCLUDE_SOURCE;
				MTL_FAST_MATH = YES;
				ONLY_ACTIVE_ARCH = YES;
				SDKROOT = iphoneos;
				SWIFT_ACTIVE_COMPILATION_CONDITIONS = "DEBUG $(inherited)";
				SWIFT_OPTIMIZATION_LEVEL = "-Onone";
			};
			name = Debug;
		};
		C0DAE9792B05F4510067279A /* Release */ = {
			isa = XCBuildConfiguration;
			buildSettings = {
				ALWAYS_SEARCH_USER_PATHS = NO;
				ASSETCATALOG_COMPILER_GENERATE_SWIFT_ASSET_SYMBOL_EXTENSIONS = YES;
				CLANG_ANALYZER_LOCALIZABILITY_NONLOCALIZED = YES;
				CLANG_ANALYZER_NONNULL = YES;
				CLANG_ANALYZER_NUMBER_OBJECT_CONVERSION = YES_AGGRESSIVE;
				CLANG_CXX_LANGUAGE_STANDARD = "gnu++20";
				CLANG_ENABLE_MODULES = YES;
				CLANG_ENABLE_OBJC_ARC = YES;
				CLANG_ENABLE_OBJC_WEAK = YES;
				CLANG_WARN_BLOCK_CAPTURE_AUTORELEASING = YES;
				CLANG_WARN_BOOL_CONVERSION = YES;
				CLANG_WARN_COMMA = YES;
				CLANG_WARN_CONSTANT_CONVERSION = YES;
				CLANG_WARN_DEPRECATED_OBJC_IMPLEMENTATIONS = YES;
				CLANG_WARN_DIRECT_OBJC_ISA_USAGE = YES_ERROR;
				CLANG_WARN_DOCUMENTATION_COMMENTS = YES;
				CLANG_WARN_EMPTY_BODY = YES;
				CLANG_WARN_ENUM_CONVERSION = YES;
				CLANG_WARN_INFINITE_RECURSION = YES;
				CLANG_WARN_INT_CONVERSION = YES;
				CLANG_WARN_NON_LITERAL_NULL_CONVERSION = YES;
				CLANG_WARN_OBJC_IMPLICIT_RETAIN_SELF = YES;
				CLANG_WARN_OBJC_LITERAL_CONVERSION = YES;
				CLANG_WARN_OBJC_ROOT_CLASS = YES_ERROR;
				CLANG_WARN_QUOTED_INCLUDE_IN_FRAMEWORK_HEADER = YES;
				CLANG_WARN_RANGE_LOOP_ANALYSIS = YES;
				CLANG_WARN_STRICT_PROTOTYPES = YES;
				CLANG_WARN_SUSPICIOUS_MOVE = YES;
				CLANG_WARN_UNGUARDED_AVAILABILITY = YES_AGGRESSIVE;
				CLANG_WARN_UNREACHABLE_CODE = YES;
				CLANG_WARN__DUPLICATE_METHOD_MATCH = YES;
				COPY_PHASE_STRIP = NO;
				DEBUG_INFORMATION_FORMAT = "dwarf-with-dsym";
				ENABLE_NS_ASSERTIONS = NO;
				ENABLE_STRICT_OBJC_MSGSEND = YES;
				ENABLE_USER_SCRIPT_SANDBOXING = YES;
				GCC_C_LANGUAGE_STANDARD = gnu17;
				GCC_NO_COMMON_BLOCKS = YES;
				GCC_WARN_64_TO_32_BIT_CONVERSION = YES;
				GCC_WARN_ABOUT_RETURN_TYPE = YES_ERROR;
				GCC_WARN_UNDECLARED_SELECTOR = YES;
				GCC_WARN_UNINITIALIZED_AUTOS = YES_AGGRESSIVE;
				GCC_WARN_UNUSED_FUNCTION = YES;
				GCC_WARN_UNUSED_VARIABLE = YES;
				IPHONEOS_DEPLOYMENT_TARGET = 14.0;
				LOCALIZATION_PREFERS_STRING_CATALOGS = YES;
				MTL_ENABLE_DEBUG_INFO = NO;
				MTL_FAST_MATH = YES;
				SDKROOT = iphoneos;
				SWIFT_COMPILATION_MODE = wholemodule;
				VALIDATE_PRODUCT = YES;
			};
			name = Release;
		};
		C0DAE97B2B05F4510067279A /* Debug */ = {
			isa = XCBuildConfiguration;
			buildSettings = {
				ASSETCATALOG_COMPILER_APPICON_NAME = AppIcon;
				ASSETCATALOG_COMPILER_GLOBAL_ACCENT_COLOR_NAME = AccentColor;
				CODE_SIGN_STYLE = Automatic;
				CURRENT_PROJECT_VERSION = 1;
				DEVELOPMENT_TEAM = SV3K237PCX;
				GENERATE_INFOPLIST_FILE = YES;
				INFOPLIST_FILE = MailplugAssignment/Info.plist;
				INFOPLIST_KEY_UIApplicationSupportsIndirectInputEvents = YES;
				INFOPLIST_KEY_UILaunchStoryboardName = LaunchScreen;
				INFOPLIST_KEY_UISupportedInterfaceOrientations = UIInterfaceOrientationPortrait;
				INFOPLIST_KEY_UISupportedInterfaceOrientations_iPad = "UIInterfaceOrientationLandscapeLeft UIInterfaceOrientationLandscapeRight UIInterfaceOrientationPortrait UIInterfaceOrientationPortraitUpsideDown";
				INFOPLIST_KEY_UIUserInterfaceStyle = Light;
				IPHONEOS_DEPLOYMENT_TARGET = 14.0;
				LD_RUNPATH_SEARCH_PATHS = (
					"$(inherited)",
					"@executable_path/Frameworks",
				);
				MARKETING_VERSION = 1.0;
				PRODUCT_BUNDLE_IDENTIFIER = com.comet.MailplugAssignment;
				PRODUCT_NAME = "$(TARGET_NAME)";
				SUPPORTED_PLATFORMS = "iphoneos iphonesimulator";
				SUPPORTS_MACCATALYST = NO;
				SUPPORTS_MAC_DESIGNED_FOR_IPHONE_IPAD = NO;
				SWIFT_EMIT_LOC_STRINGS = YES;
				SWIFT_VERSION = 5.0;
				TARGETED_DEVICE_FAMILY = 1;
			};
			name = Debug;
		};
		C0DAE97C2B05F4510067279A /* Release */ = {
			isa = XCBuildConfiguration;
			buildSettings = {
				ASSETCATALOG_COMPILER_APPICON_NAME = AppIcon;
				ASSETCATALOG_COMPILER_GLOBAL_ACCENT_COLOR_NAME = AccentColor;
				CODE_SIGN_STYLE = Automatic;
				CURRENT_PROJECT_VERSION = 1;
				DEVELOPMENT_TEAM = SV3K237PCX;
				GENERATE_INFOPLIST_FILE = YES;
				INFOPLIST_FILE = MailplugAssignment/Info.plist;
				INFOPLIST_KEY_UIApplicationSupportsIndirectInputEvents = YES;
				INFOPLIST_KEY_UILaunchStoryboardName = LaunchScreen;
				INFOPLIST_KEY_UISupportedInterfaceOrientations = UIInterfaceOrientationPortrait;
				INFOPLIST_KEY_UISupportedInterfaceOrientations_iPad = "UIInterfaceOrientationLandscapeLeft UIInterfaceOrientationLandscapeRight UIInterfaceOrientationPortrait UIInterfaceOrientationPortraitUpsideDown";
				INFOPLIST_KEY_UIUserInterfaceStyle = Light;
				IPHONEOS_DEPLOYMENT_TARGET = 14.0;
				LD_RUNPATH_SEARCH_PATHS = (
					"$(inherited)",
					"@executable_path/Frameworks",
				);
				MARKETING_VERSION = 1.0;
				PRODUCT_BUNDLE_IDENTIFIER = com.comet.MailplugAssignment;
				PRODUCT_NAME = "$(TARGET_NAME)";
				SUPPORTED_PLATFORMS = "iphoneos iphonesimulator";
				SUPPORTS_MACCATALYST = NO;
				SUPPORTS_MAC_DESIGNED_FOR_IPHONE_IPAD = NO;
				SWIFT_EMIT_LOC_STRINGS = YES;
				SWIFT_VERSION = 5.0;
				TARGETED_DEVICE_FAMILY = 1;
			};
			name = Release;
		};
/* End XCBuildConfiguration section */

/* Begin XCConfigurationList section */
		C0DAE9612B05F44F0067279A /* Build configuration list for PBXProject "MailplugAssignment" */ = {
			isa = XCConfigurationList;
			buildConfigurations = (
				C0DAE9782B05F4510067279A /* Debug */,
				C0DAE9792B05F4510067279A /* Release */,
			);
			defaultConfigurationIsVisible = 0;
			defaultConfigurationName = Release;
		};
		C0DAE97A2B05F4510067279A /* Build configuration list for PBXNativeTarget "MailplugAssignment" */ = {
			isa = XCConfigurationList;
			buildConfigurations = (
				C0DAE97B2B05F4510067279A /* Debug */,
				C0DAE97C2B05F4510067279A /* Release */,
			);
			defaultConfigurationIsVisible = 0;
			defaultConfigurationName = Release;
		};
/* End XCConfigurationList section */

/* Begin XCRemoteSwiftPackageReference section */
		C0533B9D2B0C32FD0001B862 /* XCRemoteSwiftPackageReference "realm-swift" */ = {
			isa = XCRemoteSwiftPackageReference;
			repositoryURL = "https://github.com/realm/realm-swift.git";
			requirement = {
				branch = master;
				kind = branch;
			};
		};
		C05D27FB2B0642C900F98E23 /* XCRemoteSwiftPackageReference "Then" */ = {
			isa = XCRemoteSwiftPackageReference;
			repositoryURL = "https://github.com/devxoul/Then.git";
			requirement = {
				kind = upToNextMajorVersion;
				minimumVersion = 3.0.0;
			};
		};
		C05D27FE2B06452C00F98E23 /* XCRemoteSwiftPackageReference "Alamofire" */ = {
			isa = XCRemoteSwiftPackageReference;
			repositoryURL = "https://github.com/Alamofire/Alamofire.git";
			requirement = {
				kind = upToNextMajorVersion;
				minimumVersion = 5.8.1;
			};
		};
		C05D28012B06455200F98E23 /* XCRemoteSwiftPackageReference "RxSwift" */ = {
			isa = XCRemoteSwiftPackageReference;
			repositoryURL = "https://github.com/ReactiveX/RxSwift";
			requirement = {
				kind = upToNextMajorVersion;
				minimumVersion = 6.6.0;
			};
		};
		C05D28062B06455E00F98E23 /* XCRemoteSwiftPackageReference "Kingfisher" */ = {
			isa = XCRemoteSwiftPackageReference;
			repositoryURL = "https://github.com/onevcat/Kingfisher.git";
			requirement = {
				kind = upToNextMajorVersion;
				minimumVersion = 7.10.0;
			};
		};
		C0DAE97D2B05F4F30067279A /* XCRemoteSwiftPackageReference "SnapKit" */ = {
			isa = XCRemoteSwiftPackageReference;
			repositoryURL = "https://github.com/SnapKit/SnapKit";
			requirement = {
				kind = upToNextMajorVersion;
				minimumVersion = 5.6.0;
			};
		};
/* End XCRemoteSwiftPackageReference section */

/* Begin XCSwiftPackageProductDependency section */
		C0533B9E2B0C32FD0001B862 /* Realm */ = {
			isa = XCSwiftPackageProductDependency;
			package = C0533B9D2B0C32FD0001B862 /* XCRemoteSwiftPackageReference "realm-swift" */;
			productName = Realm;
		};
		C0533BA02B0C32FD0001B862 /* RealmSwift */ = {
			isa = XCSwiftPackageProductDependency;
			package = C0533B9D2B0C32FD0001B862 /* XCRemoteSwiftPackageReference "realm-swift" */;
			productName = RealmSwift;
		};
		C05D27FC2B0642C900F98E23 /* Then */ = {
			isa = XCSwiftPackageProductDependency;
			package = C05D27FB2B0642C900F98E23 /* XCRemoteSwiftPackageReference "Then" */;
			productName = Then;
		};
		C05D27FF2B06452C00F98E23 /* Alamofire */ = {
			isa = XCSwiftPackageProductDependency;
			package = C05D27FE2B06452C00F98E23 /* XCRemoteSwiftPackageReference "Alamofire" */;
			productName = Alamofire;
		};
		C05D28022B06455200F98E23 /* RxCocoa */ = {
			isa = XCSwiftPackageProductDependency;
			package = C05D28012B06455200F98E23 /* XCRemoteSwiftPackageReference "RxSwift" */;
			productName = RxCocoa;
		};
		C05D28042B06455200F98E23 /* RxSwift */ = {
			isa = XCSwiftPackageProductDependency;
			package = C05D28012B06455200F98E23 /* XCRemoteSwiftPackageReference "RxSwift" */;
			productName = RxSwift;
		};
		C05D28072B06455E00F98E23 /* Kingfisher */ = {
			isa = XCSwiftPackageProductDependency;
			package = C05D28062B06455E00F98E23 /* XCRemoteSwiftPackageReference "Kingfisher" */;
			productName = Kingfisher;
		};
		C0DAE97E2B05F4F30067279A /* SnapKit */ = {
			isa = XCSwiftPackageProductDependency;
			package = C0DAE97D2B05F4F30067279A /* XCRemoteSwiftPackageReference "SnapKit" */;
			productName = SnapKit;
		};
/* End XCSwiftPackageProductDependency section */
	};
	rootObject = C0DAE95E2B05F44F0067279A /* Project object */;
}
